
Microsoft Visual Studio Solution File, Format Version 12.00
# Visual Studio Version 17
VisualStudioVersion = 17.14.36301.6 d17.14
MinimumVisualStudioVersion = 10.0.40219.1
Project("{FAE04EC0-301F-11D3-BF4B-00C04F79EFBC}") = "AzureContainerApp.EnvironmentVariables", "AzureContainerApp.EnvironmentVariables\AzureContainerApp.EnvironmentVariables.csproj", "{82830CDA-C3DB-4AA3-8F84-A4F955C5A89E}"
EndProject
Project("{2150E333-8FDC-42A3-9474-1A3956D46DE8}") = "solution items", "solution items", "{02EA681E-C7D8-13C7-8484-4AC65E1B71E8}"
	ProjectSection(SolutionItems) = preProject
		.gitignore = .gitignore
	EndProjectSection
EndProject
Global
	GlobalSection(SolutionConfigurationPlatforms) = preSolution
		Debug|Any CPU = Debug|Any CPU
		Release|Any CPU = Release|Any CPU
	EndGlobalSection
	GlobalSection(ProjectConfigurationPlatforms) = postSolution
		{82830CDA-C3DB-4AA3-8F84-A4F955C5A89E}.Debug|Any CPU.ActiveCfg = Debug|Any CPU
		{82830CDA-C3DB-4AA3-8F84-A4F955C5A89E}.Debug|Any CPU.Build.0 = Debug|Any CPU
		{82830CDA-C3DB-4AA3-8F84-A4F955C5A89E}.Release|Any CPU.ActiveCfg = Release|Any CPU
		{82830CDA-C3DB-4AA3-8F84-A4F955C5A89E}.Release|Any CPU.Build.0 = Release|Any CPU
	EndGlobalSection
	GlobalSection(SolutionProperties) = preSolution
		HideSolutionNode = FALSE
	EndGlobalSection
	GlobalSection(ExtensibilityGlobals) = postSolution
		SolutionGuid = {699B8AC7-DC51-41C8-9065-0CB3A0A70295}
	EndGlobalSection
EndGlobal
